
Microsoft Visual Studio Solution File, Format Version 12.00
# Visual Studio 14
VisualStudioVersion = 14.0.24720.0
MinimumVisualStudioVersion = 10.0.40219.1
Project("{FAE04EC0-301F-11D3-BF4B-00C04F79EFBC}") = "XLocalizationService", "XLocalizationService\XLocalizationService.csproj", "{FB57C6FF-8781-4ECA-A36D-DBE0B53CDEF0}"
EndProject
Project("{2150E333-8FDC-42A3-9474-1A3956D46DE8}") = "Solution Items", "Solution Items", "{5D2F6E6D-D4C8-4AF8-BD8C-4C38077BF022}"
	ProjectSection(SolutionItems) = preProject
		XLocalizationService.nuspec = XLocalizationService.nuspec
	EndProjectSection
EndProject
Project("{FAE04EC0-301F-11D3-BF4B-00C04F79EFBC}") = "XLocalizationService.Win", "XLocalizationService.Win\XLocalizationService.Win.csproj", "{953CA13A-76F5-411E-AB14-8C9017BA2769}"
EndProject
Project("{FAE04EC0-301F-11D3-BF4B-00C04F79EFBC}") = "XLocalizationService.Form", "XLocalizationService.Form\XLocalizationService.Form.csproj", "{67F9D3A8-F71E-4428-913F-C37AE82CDB24}"
EndProject
Project("{2150E333-8FDC-42A3-9474-1A3956D46DE8}") = "Samples", "Samples", "{357317D7-0CD1-4B38-A55D-14814D14427B}"
EndProject
Project("{2150E333-8FDC-42A3-9474-1A3956D46DE8}") = "Xamarin.Form", "Xamarin.Form", "{5F3E4D11-8B8A-4DAD-9994-C3EE9694A7D3}"
EndProject
Project("{FAE04EC0-301F-11D3-BF4B-00C04F79EFBC}") = "Sample.Xamarin.Form.Droid", "Sample.Xamarin.Form\Sample.Xamarin.Form.Droid\Sample.Xamarin.Form.Droid.csproj", "{DB64BEA1-6754-4116-AD35-1CD24553B0E2}"
EndProject
Project("{FAE04EC0-301F-11D3-BF4B-00C04F79EFBC}") = "Sample.Xamarin.Form.WinPhone", "Sample.Xamarin.Form\Sample.Xamarin.Form.WinPhone\Sample.Xamarin.Form.WinPhone.csproj", "{D237F8DB-55FD-49C2-A468-BEFE666C1C8A}"
EndProject
Project("{FAE04EC0-301F-11D3-BF4B-00C04F79EFBC}") = "Sample.Xamarin.Form", "Sample.Xamarin.Form\Sample.Xamarin.Form\Sample.Xamarin.Form.csproj", "{C946B96C-A882-466C-9683-3E43DA290A97}"
EndProject
Project("{FAE04EC0-301F-11D3-BF4B-00C04F79EFBC}") = "Sample.WPF", "Sample.WPF\Sample.WPF.csproj", "{D19722F4-DC40-49A4-B40E-9FAEA7C856A1}"
EndProject
Global
	GlobalSection(SolutionConfigurationPlatforms) = preSolution
		Ad-Hoc|Any CPU = Ad-Hoc|Any CPU
		Ad-Hoc|ARM = Ad-Hoc|ARM
		Ad-Hoc|iPhone = Ad-Hoc|iPhone
		Ad-Hoc|iPhoneSimulator = Ad-Hoc|iPhoneSimulator
		Ad-Hoc|x86 = Ad-Hoc|x86
		AppStore|Any CPU = AppStore|Any CPU
		AppStore|ARM = AppStore|ARM
		AppStore|iPhone = AppStore|iPhone
		AppStore|iPhoneSimulator = AppStore|iPhoneSimulator
		AppStore|x86 = AppStore|x86
		Debug|Any CPU = Debug|Any CPU
		Debug|ARM = Debug|ARM
		Debug|iPhone = Debug|iPhone
		Debug|iPhoneSimulator = Debug|iPhoneSimulator
		Debug|x86 = Debug|x86
		Release|Any CPU = Release|Any CPU
		Release|ARM = Release|ARM
		Release|iPhone = Release|iPhone
		Release|iPhoneSimulator = Release|iPhoneSimulator
		Release|x86 = Release|x86
	EndGlobalSection
	GlobalSection(ProjectConfigurationPlatforms) = postSolution
		{FB57C6FF-8781-4ECA-A36D-DBE0B53CDEF0}.Ad-Hoc|Any CPU.ActiveCfg = Release|Any CPU
		{FB57C6FF-8781-4ECA-A36D-DBE0B53CDEF0}.Ad-Hoc|Any CPU.Build.0 = Release|Any CPU
		{FB57C6FF-8781-4ECA-A36D-DBE0B53CDEF0}.Ad-Hoc|ARM.ActiveCfg = Release|Any CPU
		{FB57C6FF-8781-4ECA-A36D-DBE0B53CDEF0}.Ad-Hoc|ARM.Build.0 = Release|Any CPU
		{FB57C6FF-8781-4ECA-A36D-DBE0B53CDEF0}.Ad-Hoc|iPhone.ActiveCfg = Release|Any CPU
		{FB57C6FF-8781-4ECA-A36D-DBE0B53CDEF0}.Ad-Hoc|iPhone.Build.0 = Release|Any CPU
		{FB57C6FF-8781-4ECA-A36D-DBE0B53CDEF0}.Ad-Hoc|iPhoneSimulator.ActiveCfg = Release|Any CPU
		{FB57C6FF-8781-4ECA-A36D-DBE0B53CDEF0}.Ad-Hoc|iPhoneSimulator.Build.0 = Release|Any CPU
		{FB57C6FF-8781-4ECA-A36D-DBE0B53CDEF0}.Ad-Hoc|x86.ActiveCfg = Release|Any CPU
		{FB57C6FF-8781-4ECA-A36D-DBE0B53CDEF0}.Ad-Hoc|x86.Build.0 = Release|Any CPU
		{FB57C6FF-8781-4ECA-A36D-DBE0B53CDEF0}.AppStore|Any CPU.ActiveCfg = Release|Any CPU
		{FB57C6FF-8781-4ECA-A36D-DBE0B53CDEF0}.AppStore|Any CPU.Build.0 = Release|Any CPU
		{FB57C6FF-8781-4ECA-A36D-DBE0B53CDEF0}.AppStore|ARM.ActiveCfg = Release|Any CPU
		{FB57C6FF-8781-4ECA-A36D-DBE0B53CDEF0}.AppStore|ARM.Build.0 = Release|Any CPU
		{FB57C6FF-8781-4ECA-A36D-DBE0B53CDEF0}.AppStore|iPhone.ActiveCfg = Release|Any CPU
		{FB57C6FF-8781-4ECA-A36D-DBE0B53CDEF0}.AppStore|iPhone.Build.0 = Release|Any CPU
		{FB57C6FF-8781-4ECA-A36D-DBE0B53CDEF0}.AppStore|iPhoneSimulator.ActiveCfg = Release|Any CPU
		{FB57C6FF-8781-4ECA-A36D-DBE0B53CDEF0}.AppStore|iPhoneSimulator.Build.0 = Release|Any CPU
		{FB57C6FF-8781-4ECA-A36D-DBE0B53CDEF0}.AppStore|x86.ActiveCfg = Release|Any CPU
		{FB57C6FF-8781-4ECA-A36D-DBE0B53CDEF0}.AppStore|x86.Build.0 = Release|Any CPU
		{FB57C6FF-8781-4ECA-A36D-DBE0B53CDEF0}.Debug|Any CPU.ActiveCfg = Debug|Any CPU
		{FB57C6FF-8781-4ECA-A36D-DBE0B53CDEF0}.Debug|Any CPU.Build.0 = Debug|Any CPU
		{FB57C6FF-8781-4ECA-A36D-DBE0B53CDEF0}.Debug|ARM.ActiveCfg = Debug|Any CPU
		{FB57C6FF-8781-4ECA-A36D-DBE0B53CDEF0}.Debug|ARM.Build.0 = Debug|Any CPU
		{FB57C6FF-8781-4ECA-A36D-DBE0B53CDEF0}.Debug|iPhone.ActiveCfg = Debug|Any CPU
		{FB57C6FF-8781-4ECA-A36D-DBE0B53CDEF0}.Debug|iPhone.Build.0 = Debug|Any CPU
		{FB57C6FF-8781-4ECA-A36D-DBE0B53CDEF0}.Debug|iPhoneSimulator.ActiveCfg = Debug|Any CPU
		{FB57C6FF-8781-4ECA-A36D-DBE0B53CDEF0}.Debug|iPhoneSimulator.Build.0 = Debug|Any CPU
		{FB57C6FF-8781-4ECA-A36D-DBE0B53CDEF0}.Debug|x86.ActiveCfg = Debug|Any CPU
		{FB57C6FF-8781-4ECA-A36D-DBE0B53CDEF0}.Debug|x86.Build.0 = Debug|Any CPU
		{FB57C6FF-8781-4ECA-A36D-DBE0B53CDEF0}.Release|Any CPU.ActiveCfg = Release|Any CPU
		{FB57C6FF-8781-4ECA-A36D-DBE0B53CDEF0}.Release|Any CPU.Build.0 = Release|Any CPU
		{FB57C6FF-8781-4ECA-A36D-DBE0B53CDEF0}.Release|ARM.ActiveCfg = Release|Any CPU
		{FB57C6FF-8781-4ECA-A36D-DBE0B53CDEF0}.Release|ARM.Build.0 = Release|Any CPU
		{FB57C6FF-8781-4ECA-A36D-DBE0B53CDEF0}.Release|iPhone.ActiveCfg = Release|Any CPU
		{FB57C6FF-8781-4ECA-A36D-DBE0B53CDEF0}.Release|iPhone.Build.0 = Release|Any CPU
		{FB57C6FF-8781-4ECA-A36D-DBE0B53CDEF0}.Release|iPhoneSimulator.ActiveCfg = Release|Any CPU
		{FB57C6FF-8781-4ECA-A36D-DBE0B53CDEF0}.Release|iPhoneSimulator.Build.0 = Release|Any CPU
		{FB57C6FF-8781-4ECA-A36D-DBE0B53CDEF0}.Release|x86.ActiveCfg = Release|Any CPU
		{FB57C6FF-8781-4ECA-A36D-DBE0B53CDEF0}.Release|x86.Build.0 = Release|Any CPU
		{953CA13A-76F5-411E-AB14-8C9017BA2769}.Ad-Hoc|Any CPU.ActiveCfg = Release|Any CPU
		{953CA13A-76F5-411E-AB14-8C9017BA2769}.Ad-Hoc|Any CPU.Build.0 = Release|Any CPU
		{953CA13A-76F5-411E-AB14-8C9017BA2769}.Ad-Hoc|ARM.ActiveCfg = Release|Any CPU
		{953CA13A-76F5-411E-AB14-8C9017BA2769}.Ad-Hoc|ARM.Build.0 = Release|Any CPU
		{953CA13A-76F5-411E-AB14-8C9017BA2769}.Ad-Hoc|iPhone.ActiveCfg = Release|Any CPU
		{953CA13A-76F5-411E-AB14-8C9017BA2769}.Ad-Hoc|iPhone.Build.0 = Release|Any CPU
		{953CA13A-76F5-411E-AB14-8C9017BA2769}.Ad-Hoc|iPhoneSimulator.ActiveCfg = Release|Any CPU
		{953CA13A-76F5-411E-AB14-8C9017BA2769}.Ad-Hoc|iPhoneSimulator.Build.0 = Release|Any CPU
		{953CA13A-76F5-411E-AB14-8C9017BA2769}.Ad-Hoc|x86.ActiveCfg = Release|Any CPU
		{953CA13A-76F5-411E-AB14-8C9017BA2769}.Ad-Hoc|x86.Build.0 = Release|Any CPU
		{953CA13A-76F5-411E-AB14-8C9017BA2769}.AppStore|Any CPU.ActiveCfg = Release|Any CPU
		{953CA13A-76F5-411E-AB14-8C9017BA2769}.AppStore|Any CPU.Build.0 = Release|Any CPU
		{953CA13A-76F5-411E-AB14-8C9017BA2769}.AppStore|ARM.ActiveCfg = Release|Any CPU
		{953CA13A-76F5-411E-AB14-8C9017BA2769}.AppStore|ARM.Build.0 = Release|Any CPU
		{953CA13A-76F5-411E-AB14-8C9017BA2769}.AppStore|iPhone.ActiveCfg = Release|Any CPU
		{953CA13A-76F5-411E-AB14-8C9017BA2769}.AppStore|iPhone.Build.0 = Release|Any CPU
		{953CA13A-76F5-411E-AB14-8C9017BA2769}.AppStore|iPhoneSimulator.ActiveCfg = Release|Any CPU
		{953CA13A-76F5-411E-AB14-8C9017BA2769}.AppStore|iPhoneSimulator.Build.0 = Release|Any CPU
		{953CA13A-76F5-411E-AB14-8C9017BA2769}.AppStore|x86.ActiveCfg = Release|Any CPU
		{953CA13A-76F5-411E-AB14-8C9017BA2769}.AppStore|x86.Build.0 = Release|Any CPU
		{953CA13A-76F5-411E-AB14-8C9017BA2769}.Debug|Any CPU.ActiveCfg = Debug|Any CPU
		{953CA13A-76F5-411E-AB14-8C9017BA2769}.Debug|Any CPU.Build.0 = Debug|Any CPU
		{953CA13A-76F5-411E-AB14-8C9017BA2769}.Debug|ARM.ActiveCfg = Debug|Any CPU
		{953CA13A-76F5-411E-AB14-8C9017BA2769}.Debug|ARM.Build.0 = Debug|Any CPU
		{953CA13A-76F5-411E-AB14-8C9017BA2769}.Debug|iPhone.ActiveCfg = Debug|Any CPU
		{953CA13A-76F5-411E-AB14-8C9017BA2769}.Debug|iPhone.Build.0 = Debug|Any CPU
		{953CA13A-76F5-411E-AB14-8C9017BA2769}.Debug|iPhoneSimulator.ActiveCfg = Debug|Any CPU
		{953CA13A-76F5-411E-AB14-8C9017BA2769}.Debug|iPhoneSimulator.Build.0 = Debug|Any CPU
		{953CA13A-76F5-411E-AB14-8C9017BA2769}.Debug|x86.ActiveCfg = Debug|Any CPU
		{953CA13A-76F5-411E-AB14-8C9017BA2769}.Debug|x86.Build.0 = Debug|Any CPU
		{953CA13A-76F5-411E-AB14-8C9017BA2769}.Release|Any CPU.ActiveCfg = Release|Any CPU
		{953CA13A-76F5-411E-AB14-8C9017BA2769}.Release|Any CPU.Build.0 = Release|Any CPU
		{953CA13A-76F5-411E-AB14-8C9017BA2769}.Release|ARM.ActiveCfg = Release|Any CPU
		{953CA13A-76F5-411E-AB14-8C9017BA2769}.Release|ARM.Build.0 = Release|Any CPU
		{953CA13A-76F5-411E-AB14-8C9017BA2769}.Release|iPhone.ActiveCfg = Release|Any CPU
		{953CA13A-76F5-411E-AB14-8C9017BA2769}.Release|iPhone.Build.0 = Release|Any CPU
		{953CA13A-76F5-411E-AB14-8C9017BA2769}.Release|iPhoneSimulator.ActiveCfg = Release|Any CPU
		{953CA13A-76F5-411E-AB14-8C9017BA2769}.Release|iPhoneSimulator.Build.0 = Release|Any CPU
		{953CA13A-76F5-411E-AB14-8C9017BA2769}.Release|x86.ActiveCfg = Release|Any CPU
		{953CA13A-76F5-411E-AB14-8C9017BA2769}.Release|x86.Build.0 = Release|Any CPU
		{67F9D3A8-F71E-4428-913F-C37AE82CDB24}.Ad-Hoc|Any CPU.ActiveCfg = Release|Any CPU
		{67F9D3A8-F71E-4428-913F-C37AE82CDB24}.Ad-Hoc|Any CPU.Build.0 = Release|Any CPU
		{67F9D3A8-F71E-4428-913F-C37AE82CDB24}.Ad-Hoc|ARM.ActiveCfg = Release|Any CPU
		{67F9D3A8-F71E-4428-913F-C37AE82CDB24}.Ad-Hoc|ARM.Build.0 = Release|Any CPU
		{67F9D3A8-F71E-4428-913F-C37AE82CDB24}.Ad-Hoc|iPhone.ActiveCfg = Release|Any CPU
		{67F9D3A8-F71E-4428-913F-C37AE82CDB24}.Ad-Hoc|iPhone.Build.0 = Release|Any CPU
		{67F9D3A8-F71E-4428-913F-C37AE82CDB24}.Ad-Hoc|iPhoneSimulator.ActiveCfg = Release|Any CPU
		{67F9D3A8-F71E-4428-913F-C37AE82CDB24}.Ad-Hoc|iPhoneSimulator.Build.0 = Release|Any CPU
		{67F9D3A8-F71E-4428-913F-C37AE82CDB24}.Ad-Hoc|x86.ActiveCfg = Release|Any CPU
		{67F9D3A8-F71E-4428-913F-C37AE82CDB24}.Ad-Hoc|x86.Build.0 = Release|Any CPU
		{67F9D3A8-F71E-4428-913F-C37AE82CDB24}.AppStore|Any CPU.ActiveCfg = Release|Any CPU
		{67F9D3A8-F71E-4428-913F-C37AE82CDB24}.AppStore|Any CPU.Build.0 = Release|Any CPU
		{67F9D3A8-F71E-4428-913F-C37AE82CDB24}.AppStore|ARM.ActiveCfg = Release|Any CPU
		{67F9D3A8-F71E-4428-913F-C37AE82CDB24}.AppStore|ARM.Build.0 = Release|Any CPU
		{67F9D3A8-F71E-4428-913F-C37AE82CDB24}.AppStore|iPhone.ActiveCfg = Release|Any CPU
		{67F9D3A8-F71E-4428-913F-C37AE82CDB24}.AppStore|iPhone.Build.0 = Release|Any CPU
		{67F9D3A8-F71E-4428-913F-C37AE82CDB24}.AppStore|iPhoneSimulator.ActiveCfg = Release|Any CPU
		{67F9D3A8-F71E-4428-913F-C37AE82CDB24}.AppStore|iPhoneSimulator.Build.0 = Release|Any CPU
		{67F9D3A8-F71E-4428-913F-C37AE82CDB24}.AppStore|x86.ActiveCfg = Release|Any CPU
		{67F9D3A8-F71E-4428-913F-C37AE82CDB24}.AppStore|x86.Build.0 = Release|Any CPU
		{67F9D3A8-F71E-4428-913F-C37AE82CDB24}.Debug|Any CPU.ActiveCfg = Debug|Any CPU
		{67F9D3A8-F71E-4428-913F-C37AE82CDB24}.Debug|Any CPU.Build.0 = Debug|Any CPU
		{67F9D3A8-F71E-4428-913F-C37AE82CDB24}.Debug|ARM.ActiveCfg = Debug|Any CPU
		{67F9D3A8-F71E-4428-913F-C37AE82CDB24}.Debug|ARM.Build.0 = Debug|Any CPU
		{67F9D3A8-F71E-4428-913F-C37AE82CDB24}.Debug|iPhone.ActiveCfg = Debug|Any CPU
		{67F9D3A8-F71E-4428-913F-C37AE82CDB24}.Debug|iPhone.Build.0 = Debug|Any CPU
		{67F9D3A8-F71E-4428-913F-C37AE82CDB24}.Debug|iPhoneSimulator.ActiveCfg = Debug|Any CPU
		{67F9D3A8-F71E-4428-913F-C37AE82CDB24}.Debug|iPhoneSimulator.Build.0 = Debug|Any CPU
		{67F9D3A8-F71E-4428-913F-C37AE82CDB24}.Debug|x86.ActiveCfg = Debug|Any CPU
		{67F9D3A8-F71E-4428-913F-C37AE82CDB24}.Debug|x86.Build.0 = Debug|Any CPU
		{67F9D3A8-F71E-4428-913F-C37AE82CDB24}.Release|Any CPU.ActiveCfg = Release|Any CPU
		{67F9D3A8-F71E-4428-913F-C37AE82CDB24}.Release|Any CPU.Build.0 = Release|Any CPU
		{67F9D3A8-F71E-4428-913F-C37AE82CDB24}.Release|ARM.ActiveCfg = Release|Any CPU
		{67F9D3A8-F71E-4428-913F-C37AE82CDB24}.Release|ARM.Build.0 = Release|Any CPU
		{67F9D3A8-F71E-4428-913F-C37AE82CDB24}.Release|iPhone.ActiveCfg = Release|Any CPU
		{67F9D3A8-F71E-4428-913F-C37AE82CDB24}.Release|iPhone.Build.0 = Release|Any CPU
		{67F9D3A8-F71E-4428-913F-C37AE82CDB24}.Release|iPhoneSimulator.ActiveCfg = Release|Any CPU
		{67F9D3A8-F71E-4428-913F-C37AE82CDB24}.Release|iPhoneSimulator.Build.0 = Release|Any CPU
		{67F9D3A8-F71E-4428-913F-C37AE82CDB24}.Release|x86.ActiveCfg = Release|Any CPU
		{67F9D3A8-F71E-4428-913F-C37AE82CDB24}.Release|x86.Build.0 = Release|Any CPU
		{DB64BEA1-6754-4116-AD35-1CD24553B0E2}.Ad-Hoc|Any CPU.ActiveCfg = Release|Any CPU
		{DB64BEA1-6754-4116-AD35-1CD24553B0E2}.Ad-Hoc|Any CPU.Build.0 = Release|Any CPU
		{DB64BEA1-6754-4116-AD35-1CD24553B0E2}.Ad-Hoc|Any CPU.Deploy.0 = Release|Any CPU
		{DB64BEA1-6754-4116-AD35-1CD24553B0E2}.Ad-Hoc|ARM.ActiveCfg = Release|Any CPU
		{DB64BEA1-6754-4116-AD35-1CD24553B0E2}.Ad-Hoc|ARM.Build.0 = Release|Any CPU
		{DB64BEA1-6754-4116-AD35-1CD24553B0E2}.Ad-Hoc|ARM.Deploy.0 = Release|Any CPU
		{DB64BEA1-6754-4116-AD35-1CD24553B0E2}.Ad-Hoc|iPhone.ActiveCfg = Release|Any CPU
		{DB64BEA1-6754-4116-AD35-1CD24553B0E2}.Ad-Hoc|iPhone.Build.0 = Release|Any CPU
		{DB64BEA1-6754-4116-AD35-1CD24553B0E2}.Ad-Hoc|iPhone.Deploy.0 = Release|Any CPU
		{DB64BEA1-6754-4116-AD35-1CD24553B0E2}.Ad-Hoc|iPhoneSimulator.ActiveCfg = Release|Any CPU
		{DB64BEA1-6754-4116-AD35-1CD24553B0E2}.Ad-Hoc|iPhoneSimulator.Build.0 = Release|Any CPU
		{DB64BEA1-6754-4116-AD35-1CD24553B0E2}.Ad-Hoc|iPhoneSimulator.Deploy.0 = Release|Any CPU
		{DB64BEA1-6754-4116-AD35-1CD24553B0E2}.Ad-Hoc|x86.ActiveCfg = Release|Any CPU
		{DB64BEA1-6754-4116-AD35-1CD24553B0E2}.Ad-Hoc|x86.Build.0 = Release|Any CPU
		{DB64BEA1-6754-4116-AD35-1CD24553B0E2}.Ad-Hoc|x86.Deploy.0 = Release|Any CPU
		{DB64BEA1-6754-4116-AD35-1CD24553B0E2}.AppStore|Any CPU.ActiveCfg = Release|Any CPU
		{DB64BEA1-6754-4116-AD35-1CD24553B0E2}.AppStore|Any CPU.Build.0 = Release|Any CPU
		{DB64BEA1-6754-4116-AD35-1CD24553B0E2}.AppStore|Any CPU.Deploy.0 = Release|Any CPU
		{DB64BEA1-6754-4116-AD35-1CD24553B0E2}.AppStore|ARM.ActiveCfg = Release|Any CPU
		{DB64BEA1-6754-4116-AD35-1CD24553B0E2}.AppStore|ARM.Build.0 = Release|Any CPU
		{DB64BEA1-6754-4116-AD35-1CD24553B0E2}.AppStore|ARM.Deploy.0 = Release|Any CPU
		{DB64BEA1-6754-4116-AD35-1CD24553B0E2}.AppStore|iPhone.ActiveCfg = Release|Any CPU
		{DB64BEA1-6754-4116-AD35-1CD24553B0E2}.AppStore|iPhone.Build.0 = Release|Any CPU
		{DB64BEA1-6754-4116-AD35-1CD24553B0E2}.AppStore|iPhone.Deploy.0 = Release|Any CPU
		{DB64BEA1-6754-4116-AD35-1CD24553B0E2}.AppStore|iPhoneSimulator.ActiveCfg = Release|Any CPU
		{DB64BEA1-6754-4116-AD35-1CD24553B0E2}.AppStore|iPhoneSimulator.Build.0 = Release|Any CPU
		{DB64BEA1-6754-4116-AD35-1CD24553B0E2}.AppStore|iPhoneSimulator.Deploy.0 = Release|Any CPU
		{DB64BEA1-6754-4116-AD35-1CD24553B0E2}.AppStore|x86.ActiveCfg = Release|Any CPU
		{DB64BEA1-6754-4116-AD35-1CD24553B0E2}.AppStore|x86.Build.0 = Release|Any CPU
		{DB64BEA1-6754-4116-AD35-1CD24553B0E2}.AppStore|x86.Deploy.0 = Release|Any CPU
		{DB64BEA1-6754-4116-AD35-1CD24553B0E2}.Debug|Any CPU.ActiveCfg = Debug|Any CPU
		{DB64BEA1-6754-4116-AD35-1CD24553B0E2}.Debug|Any CPU.Build.0 = Debug|Any CPU
		{DB64BEA1-6754-4116-AD35-1CD24553B0E2}.Debug|Any CPU.Deploy.0 = Debug|Any CPU
		{DB64BEA1-6754-4116-AD35-1CD24553B0E2}.Debug|ARM.ActiveCfg = Debug|Any CPU
		{DB64BEA1-6754-4116-AD35-1CD24553B0E2}.Debug|ARM.Build.0 = Debug|Any CPU
		{DB64BEA1-6754-4116-AD35-1CD24553B0E2}.Debug|ARM.Deploy.0 = Debug|Any CPU
		{DB64BEA1-6754-4116-AD35-1CD24553B0E2}.Debug|iPhone.ActiveCfg = Debug|Any CPU
		{DB64BEA1-6754-4116-AD35-1CD24553B0E2}.Debug|iPhone.Build.0 = Debug|Any CPU
		{DB64BEA1-6754-4116-AD35-1CD24553B0E2}.Debug|iPhone.Deploy.0 = Debug|Any CPU
		{DB64BEA1-6754-4116-AD35-1CD24553B0E2}.Debug|iPhoneSimulator.ActiveCfg = Debug|Any CPU
		{DB64BEA1-6754-4116-AD35-1CD24553B0E2}.Debug|iPhoneSimulator.Build.0 = Debug|Any CPU
		{DB64BEA1-6754-4116-AD35-1CD24553B0E2}.Debug|iPhoneSimulator.Deploy.0 = Debug|Any CPU
		{DB64BEA1-6754-4116-AD35-1CD24553B0E2}.Debug|x86.ActiveCfg = Debug|Any CPU
		{DB64BEA1-6754-4116-AD35-1CD24553B0E2}.Debug|x86.Build.0 = Debug|Any CPU
		{DB64BEA1-6754-4116-AD35-1CD24553B0E2}.Debug|x86.Deploy.0 = Debug|Any CPU
		{DB64BEA1-6754-4116-AD35-1CD24553B0E2}.Release|Any CPU.ActiveCfg = Release|Any CPU
		{DB64BEA1-6754-4116-AD35-1CD24553B0E2}.Release|Any CPU.Build.0 = Release|Any CPU
		{DB64BEA1-6754-4116-AD35-1CD24553B0E2}.Release|Any CPU.Deploy.0 = Release|Any CPU
		{DB64BEA1-6754-4116-AD35-1CD24553B0E2}.Release|ARM.ActiveCfg = Release|Any CPU
		{DB64BEA1-6754-4116-AD35-1CD24553B0E2}.Release|ARM.Build.0 = Release|Any CPU
		{DB64BEA1-6754-4116-AD35-1CD24553B0E2}.Release|ARM.Deploy.0 = Release|Any CPU
		{DB64BEA1-6754-4116-AD35-1CD24553B0E2}.Release|iPhone.ActiveCfg = Release|Any CPU
		{DB64BEA1-6754-4116-AD35-1CD24553B0E2}.Release|iPhone.Build.0 = Release|Any CPU
		{DB64BEA1-6754-4116-AD35-1CD24553B0E2}.Release|iPhone.Deploy.0 = Release|Any CPU
		{DB64BEA1-6754-4116-AD35-1CD24553B0E2}.Release|iPhoneSimulator.ActiveCfg = Release|Any CPU
		{DB64BEA1-6754-4116-AD35-1CD24553B0E2}.Release|iPhoneSimulator.Build.0 = Release|Any CPU
		{DB64BEA1-6754-4116-AD35-1CD24553B0E2}.Release|iPhoneSimulator.Deploy.0 = Release|Any CPU
		{DB64BEA1-6754-4116-AD35-1CD24553B0E2}.Release|x86.ActiveCfg = Release|Any CPU
		{DB64BEA1-6754-4116-AD35-1CD24553B0E2}.Release|x86.Build.0 = Release|Any CPU
		{DB64BEA1-6754-4116-AD35-1CD24553B0E2}.Release|x86.Deploy.0 = Release|Any CPU
		{D237F8DB-55FD-49C2-A468-BEFE666C1C8A}.Ad-Hoc|Any CPU.ActiveCfg = Release|Any CPU
		{D237F8DB-55FD-49C2-A468-BEFE666C1C8A}.Ad-Hoc|Any CPU.Build.0 = Release|Any CPU
		{D237F8DB-55FD-49C2-A468-BEFE666C1C8A}.Ad-Hoc|Any CPU.Deploy.0 = Release|Any CPU
		{D237F8DB-55FD-49C2-A468-BEFE666C1C8A}.Ad-Hoc|ARM.ActiveCfg = Release|ARM
		{D237F8DB-55FD-49C2-A468-BEFE666C1C8A}.Ad-Hoc|ARM.Build.0 = Release|ARM
		{D237F8DB-55FD-49C2-A468-BEFE666C1C8A}.Ad-Hoc|ARM.Deploy.0 = Release|ARM
		{D237F8DB-55FD-49C2-A468-BEFE666C1C8A}.Ad-Hoc|iPhone.ActiveCfg = Release|Any CPU
		{D237F8DB-55FD-49C2-A468-BEFE666C1C8A}.Ad-Hoc|iPhone.Build.0 = Release|Any CPU
		{D237F8DB-55FD-49C2-A468-BEFE666C1C8A}.Ad-Hoc|iPhone.Deploy.0 = Release|Any CPU
		{D237F8DB-55FD-49C2-A468-BEFE666C1C8A}.Ad-Hoc|iPhoneSimulator.ActiveCfg = Release|Any CPU
		{D237F8DB-55FD-49C2-A468-BEFE666C1C8A}.Ad-Hoc|iPhoneSimulator.Build.0 = Release|Any CPU
		{D237F8DB-55FD-49C2-A468-BEFE666C1C8A}.Ad-Hoc|iPhoneSimulator.Deploy.0 = Release|Any CPU
		{D237F8DB-55FD-49C2-A468-BEFE666C1C8A}.Ad-Hoc|x86.ActiveCfg = Release|x86
		{D237F8DB-55FD-49C2-A468-BEFE666C1C8A}.Ad-Hoc|x86.Build.0 = Release|x86
		{D237F8DB-55FD-49C2-A468-BEFE666C1C8A}.Ad-Hoc|x86.Deploy.0 = Release|x86
		{D237F8DB-55FD-49C2-A468-BEFE666C1C8A}.AppStore|Any CPU.ActiveCfg = Release|Any CPU
		{D237F8DB-55FD-49C2-A468-BEFE666C1C8A}.AppStore|Any CPU.Build.0 = Release|Any CPU
		{D237F8DB-55FD-49C2-A468-BEFE666C1C8A}.AppStore|Any CPU.Deploy.0 = Release|Any CPU
		{D237F8DB-55FD-49C2-A468-BEFE666C1C8A}.AppStore|ARM.ActiveCfg = Release|ARM
		{D237F8DB-55FD-49C2-A468-BEFE666C1C8A}.AppStore|ARM.Build.0 = Release|ARM
		{D237F8DB-55FD-49C2-A468-BEFE666C1C8A}.AppStore|ARM.Deploy.0 = Release|ARM
		{D237F8DB-55FD-49C2-A468-BEFE666C1C8A}.AppStore|iPhone.ActiveCfg = Release|Any CPU
		{D237F8DB-55FD-49C2-A468-BEFE666C1C8A}.AppStore|iPhone.Build.0 = Release|Any CPU
		{D237F8DB-55FD-49C2-A468-BEFE666C1C8A}.AppStore|iPhone.Deploy.0 = Release|Any CPU
		{D237F8DB-55FD-49C2-A468-BEFE666C1C8A}.AppStore|iPhoneSimulator.ActiveCfg = Release|Any CPU
		{D237F8DB-55FD-49C2-A468-BEFE666C1C8A}.AppStore|iPhoneSimulator.Build.0 = Release|Any CPU
		{D237F8DB-55FD-49C2-A468-BEFE666C1C8A}.AppStore|iPhoneSimulator.Deploy.0 = Release|Any CPU
		{D237F8DB-55FD-49C2-A468-BEFE666C1C8A}.AppStore|x86.ActiveCfg = Release|x86
		{D237F8DB-55FD-49C2-A468-BEFE666C1C8A}.AppStore|x86.Build.0 = Release|x86
		{D237F8DB-55FD-49C2-A468-BEFE666C1C8A}.AppStore|x86.Deploy.0 = Release|x86
		{D237F8DB-55FD-49C2-A468-BEFE666C1C8A}.Debug|Any CPU.ActiveCfg = Debug|Any CPU
		{D237F8DB-55FD-49C2-A468-BEFE666C1C8A}.Debug|Any CPU.Build.0 = Debug|Any CPU
		{D237F8DB-55FD-49C2-A468-BEFE666C1C8A}.Debug|Any CPU.Deploy.0 = Debug|Any CPU
		{D237F8DB-55FD-49C2-A468-BEFE666C1C8A}.Debug|ARM.ActiveCfg = Debug|ARM
		{D237F8DB-55FD-49C2-A468-BEFE666C1C8A}.Debug|ARM.Build.0 = Debug|ARM
		{D237F8DB-55FD-49C2-A468-BEFE666C1C8A}.Debug|ARM.Deploy.0 = Debug|ARM
		{D237F8DB-55FD-49C2-A468-BEFE666C1C8A}.Debug|iPhone.ActiveCfg = Debug|Any CPU
		{D237F8DB-55FD-49C2-A468-BEFE666C1C8A}.Debug|iPhone.Build.0 = Debug|Any CPU
		{D237F8DB-55FD-49C2-A468-BEFE666C1C8A}.Debug|iPhone.Deploy.0 = Debug|Any CPU
		{D237F8DB-55FD-49C2-A468-BEFE666C1C8A}.Debug|iPhoneSimulator.ActiveCfg = Debug|Any CPU
		{D237F8DB-55FD-49C2-A468-BEFE666C1C8A}.Debug|iPhoneSimulator.Build.0 = Debug|Any CPU
		{D237F8DB-55FD-49C2-A468-BEFE666C1C8A}.Debug|iPhoneSimulator.Deploy.0 = Debug|Any CPU
		{D237F8DB-55FD-49C2-A468-BEFE666C1C8A}.Debug|x86.ActiveCfg = Debug|x86
		{D237F8DB-55FD-49C2-A468-BEFE666C1C8A}.Debug|x86.Build.0 = Debug|x86
		{D237F8DB-55FD-49C2-A468-BEFE666C1C8A}.Debug|x86.Deploy.0 = Debug|x86
		{D237F8DB-55FD-49C2-A468-BEFE666C1C8A}.Release|Any CPU.ActiveCfg = Release|Any CPU
		{D237F8DB-55FD-49C2-A468-BEFE666C1C8A}.Release|Any CPU.Build.0 = Release|Any CPU
		{D237F8DB-55FD-49C2-A468-BEFE666C1C8A}.Release|Any CPU.Deploy.0 = Release|Any CPU
		{D237F8DB-55FD-49C2-A468-BEFE666C1C8A}.Release|ARM.ActiveCfg = Release|ARM
		{D237F8DB-55FD-49C2-A468-BEFE666C1C8A}.Release|ARM.Build.0 = Release|ARM
		{D237F8DB-55FD-49C2-A468-BEFE666C1C8A}.Release|ARM.Deploy.0 = Release|ARM
		{D237F8DB-55FD-49C2-A468-BEFE666C1C8A}.Release|iPhone.ActiveCfg = Release|Any CPU
		{D237F8DB-55FD-49C2-A468-BEFE666C1C8A}.Release|iPhone.Build.0 = Release|Any CPU
		{D237F8DB-55FD-49C2-A468-BEFE666C1C8A}.Release|iPhone.Deploy.0 = Release|Any CPU
		{D237F8DB-55FD-49C2-A468-BEFE666C1C8A}.Release|iPhoneSimulator.ActiveCfg = Release|Any CPU
		{D237F8DB-55FD-49C2-A468-BEFE666C1C8A}.Release|iPhoneSimulator.Build.0 = Release|Any CPU
		{D237F8DB-55FD-49C2-A468-BEFE666C1C8A}.Release|iPhoneSimulator.Deploy.0 = Release|Any CPU
		{D237F8DB-55FD-49C2-A468-BEFE666C1C8A}.Release|x86.ActiveCfg = Release|x86
		{D237F8DB-55FD-49C2-A468-BEFE666C1C8A}.Release|x86.Build.0 = Release|x86
		{D237F8DB-55FD-49C2-A468-BEFE666C1C8A}.Release|x86.Deploy.0 = Release|x86
		{C946B96C-A882-466C-9683-3E43DA290A97}.Ad-Hoc|Any CPU.ActiveCfg = Release|Any CPU
		{C946B96C-A882-466C-9683-3E43DA290A97}.Ad-Hoc|Any CPU.Build.0 = Release|Any CPU
		{C946B96C-A882-466C-9683-3E43DA290A97}.Ad-Hoc|ARM.ActiveCfg = Release|Any CPU
		{C946B96C-A882-466C-9683-3E43DA290A97}.Ad-Hoc|ARM.Build.0 = Release|Any CPU
		{C946B96C-A882-466C-9683-3E43DA290A97}.Ad-Hoc|iPhone.ActiveCfg = Release|Any CPU
		{C946B96C-A882-466C-9683-3E43DA290A97}.Ad-Hoc|iPhone.Build.0 = Release|Any CPU
		{C946B96C-A882-466C-9683-3E43DA290A97}.Ad-Hoc|iPhoneSimulator.ActiveCfg = Release|Any CPU
		{C946B96C-A882-466C-9683-3E43DA290A97}.Ad-Hoc|iPhoneSimulator.Build.0 = Release|Any CPU
		{C946B96C-A882-466C-9683-3E43DA290A97}.Ad-Hoc|x86.ActiveCfg = Release|Any CPU
		{C946B96C-A882-466C-9683-3E43DA290A97}.Ad-Hoc|x86.Build.0 = Release|Any CPU
		{C946B96C-A882-466C-9683-3E43DA290A97}.AppStore|Any CPU.ActiveCfg = Release|Any CPU
		{C946B96C-A882-466C-9683-3E43DA290A97}.AppStore|Any CPU.Build.0 = Release|Any CPU
		{C946B96C-A882-466C-9683-3E43DA290A97}.AppStore|ARM.ActiveCfg = Release|Any CPU
		{C946B96C-A882-466C-9683-3E43DA290A97}.AppStore|ARM.Build.0 = Release|Any CPU
		{C946B96C-A882-466C-9683-3E43DA290A97}.AppStore|iPhone.ActiveCfg = Release|Any CPU
		{C946B96C-A882-466C-9683-3E43DA290A97}.AppStore|iPhone.Build.0 = Release|Any CPU
		{C946B96C-A882-466C-9683-3E43DA290A97}.AppStore|iPhoneSimulator.ActiveCfg = Release|Any CPU
		{C946B96C-A882-466C-9683-3E43DA290A97}.AppStore|iPhoneSimulator.Build.0 = Release|Any CPU
		{C946B96C-A882-466C-9683-3E43DA290A97}.AppStore|x86.ActiveCfg = Release|Any CPU
		{C946B96C-A882-466C-9683-3E43DA290A97}.AppStore|x86.Build.0 = Release|Any CPU
		{C946B96C-A882-466C-9683-3E43DA290A97}.Debug|Any CPU.ActiveCfg = Debug|Any CPU
		{C946B96C-A882-466C-9683-3E43DA290A97}.Debug|Any CPU.Build.0 = Debug|Any CPU
		{C946B96C-A882-466C-9683-3E43DA290A97}.Debug|ARM.ActiveCfg = Debug|Any CPU
		{C946B96C-A882-466C-9683-3E43DA290A97}.Debug|ARM.Build.0 = Debug|Any CPU
		{C946B96C-A882-466C-9683-3E43DA290A97}.Debug|iPhone.ActiveCfg = Debug|Any CPU
		{C946B96C-A882-466C-9683-3E43DA290A97}.Debug|iPhone.Build.0 = Debug|Any CPU
		{C946B96C-A882-466C-9683-3E43DA290A97}.Debug|iPhoneSimulator.ActiveCfg = Debug|Any CPU
		{C946B96C-A882-466C-9683-3E43DA290A97}.Debug|iPhoneSimulator.Build.0 = Debug|Any CPU
		{C946B96C-A882-466C-9683-3E43DA290A97}.Debug|x86.ActiveCfg = Debug|Any CPU
		{C946B96C-A882-466C-9683-3E43DA290A97}.Debug|x86.Build.0 = Debug|Any CPU
		{C946B96C-A882-466C-9683-3E43DA290A97}.Release|Any CPU.ActiveCfg = Release|Any CPU
		{C946B96C-A882-466C-9683-3E43DA290A97}.Release|Any CPU.Build.0 = Release|Any CPU
		{C946B96C-A882-466C-9683-3E43DA290A97}.Release|ARM.ActiveCfg = Release|Any CPU
		{C946B96C-A882-466C-9683-3E43DA290A97}.Release|ARM.Build.0 = Release|Any CPU
		{C946B96C-A882-466C-9683-3E43DA290A97}.Release|iPhone.ActiveCfg = Release|Any CPU
		{C946B96C-A882-466C-9683-3E43DA290A97}.Release|iPhone.Build.0 = Release|Any CPU
		{C946B96C-A882-466C-9683-3E43DA290A97}.Release|iPhoneSimulator.ActiveCfg = Release|Any CPU
		{C946B96C-A882-466C-9683-3E43DA290A97}.Release|iPhoneSimulator.Build.0 = Release|Any CPU
		{C946B96C-A882-466C-9683-3E43DA290A97}.Release|x86.ActiveCfg = Release|Any CPU
		{C946B96C-A882-466C-9683-3E43DA290A97}.Release|x86.Build.0 = Release|Any CPU
		{D19722F4-DC40-49A4-B40E-9FAEA7C856A1}.Ad-Hoc|Any CPU.ActiveCfg = Release|Any CPU
		{D19722F4-DC40-49A4-B40E-9FAEA7C856A1}.Ad-Hoc|Any CPU.Build.0 = Release|Any CPU
		{D19722F4-DC40-49A4-B40E-9FAEA7C856A1}.Ad-Hoc|ARM.ActiveCfg = Release|Any CPU
		{D19722F4-DC40-49A4-B40E-9FAEA7C856A1}.Ad-Hoc|ARM.Build.0 = Release|Any CPU
		{D19722F4-DC40-49A4-B40E-9FAEA7C856A1}.Ad-Hoc|iPhone.ActiveCfg = Release|Any CPU
		{D19722F4-DC40-49A4-B40E-9FAEA7C856A1}.Ad-Hoc|iPhone.Build.0 = Release|Any CPU
		{D19722F4-DC40-49A4-B40E-9FAEA7C856A1}.Ad-Hoc|iPhoneSimulator.ActiveCfg = Release|Any CPU
		{D19722F4-DC40-49A4-B40E-9FAEA7C856A1}.Ad-Hoc|iPhoneSimulator.Build.0 = Release|Any CPU
		{D19722F4-DC40-49A4-B40E-9FAEA7C856A1}.Ad-Hoc|x86.ActiveCfg = Release|Any CPU
		{D19722F4-DC40-49A4-B40E-9FAEA7C856A1}.Ad-Hoc|x86.Build.0 = Release|Any CPU
		{D19722F4-DC40-49A4-B40E-9FAEA7C856A1}.AppStore|Any CPU.ActiveCfg = Release|Any CPU
		{D19722F4-DC40-49A4-B40E-9FAEA7C856A1}.AppStore|Any CPU.Build.0 = Release|Any CPU
		{D19722F4-DC40-49A4-B40E-9FAEA7C856A1}.AppStore|ARM.ActiveCfg = Release|Any CPU
		{D19722F4-DC40-49A4-B40E-9FAEA7C856A1}.AppStore|ARM.Build.0 = Release|Any CPU
		{D19722F4-DC40-49A4-B40E-9FAEA7C856A1}.AppStore|iPhone.ActiveCfg = Release|Any CPU
		{D19722F4-DC40-49A4-B40E-9FAEA7C856A1}.AppStore|iPhone.Build.0 = Release|Any CPU
		{D19722F4-DC40-49A4-B40E-9FAEA7C856A1}.AppStore|iPhoneSimulator.ActiveCfg = Release|Any CPU
		{D19722F4-DC40-49A4-B40E-9FAEA7C856A1}.AppStore|iPhoneSimulator.Build.0 = Release|Any CPU
		{D19722F4-DC40-49A4-B40E-9FAEA7C856A1}.AppStore|x86.ActiveCfg = Release|Any CPU
		{D19722F4-DC40-49A4-B40E-9FAEA7C856A1}.AppStore|x86.Build.0 = Release|Any CPU
		{D19722F4-DC40-49A4-B40E-9FAEA7C856A1}.Debug|Any CPU.ActiveCfg = Debug|Any CPU
		{D19722F4-DC40-49A4-B40E-9FAEA7C856A1}.Debug|Any CPU.Build.0 = Debug|Any CPU
		{D19722F4-DC40-49A4-B40E-9FAEA7C856A1}.Debug|ARM.ActiveCfg = Debug|Any CPU
		{D19722F4-DC40-49A4-B40E-9FAEA7C856A1}.Debug|ARM.Build.0 = Debug|Any CPU
		{D19722F4-DC40-49A4-B40E-9FAEA7C856A1}.Debug|iPhone.ActiveCfg = Debug|Any CPU
		{D19722F4-DC40-49A4-B40E-9FAEA7C856A1}.Debug|iPhone.Build.0 = Debug|Any CPU
		{D19722F4-DC40-49A4-B40E-9FAEA7C856A1}.Debug|iPhoneSimulator.ActiveCfg = Debug|Any CPU
		{D19722F4-DC40-49A4-B40E-9FAEA7C856A1}.Debug|iPhoneSimulator.Build.0 = Debug|Any CPU
		{D19722F4-DC40-49A4-B40E-9FAEA7C856A1}.Debug|x86.ActiveCfg = Debug|Any CPU
		{D19722F4-DC40-49A4-B40E-9FAEA7C856A1}.Debug|x86.Build.0 = Debug|Any CPU
		{D19722F4-DC40-49A4-B40E-9FAEA7C856A1}.Release|Any CPU.ActiveCfg = Release|Any CPU
		{D19722F4-DC40-49A4-B40E-9FAEA7C856A1}.Release|Any CPU.Build.0 = Release|Any CPU
		{D19722F4-DC40-49A4-B40E-9FAEA7C856A1}.Release|ARM.ActiveCfg = Release|Any CPU
		{D19722F4-DC40-49A4-B40E-9FAEA7C856A1}.Release|ARM.Build.0 = Release|Any CPU
		{D19722F4-DC40-49A4-B40E-9FAEA7C856A1}.Release|iPhone.ActiveCfg = Release|Any CPU
		{D19722F4-DC40-49A4-B40E-9FAEA7C856A1}.Release|iPhone.Build.0 = Release|Any CPU
		{D19722F4-DC40-49A4-B40E-9FAEA7C856A1}.Release|iPhoneSimulator.ActiveCfg = Release|Any CPU
		{D19722F4-DC40-49A4-B40E-9FAEA7C856A1}.Release|iPhoneSimulator.Build.0 = Release|Any CPU
		{D19722F4-DC40-49A4-B40E-9FAEA7C856A1}.Release|x86.ActiveCfg = Release|Any CPU
		{D19722F4-DC40-49A4-B40E-9FAEA7C856A1}.Release|x86.Build.0 = Release|Any CPU
	EndGlobalSection
	GlobalSection(SolutionProperties) = preSolution
		HideSolutionNode = FALSE
	EndGlobalSection
	GlobalSection(NestedProjects) = preSolution
		{5F3E4D11-8B8A-4DAD-9994-C3EE9694A7D3} = {357317D7-0CD1-4B38-A55D-14814D14427B}
		{DB64BEA1-6754-4116-AD35-1CD24553B0E2} = {5F3E4D11-8B8A-4DAD-9994-C3EE9694A7D3}
		{D237F8DB-55FD-49C2-A468-BEFE666C1C8A} = {5F3E4D11-8B8A-4DAD-9994-C3EE9694A7D3}
		{C946B96C-A882-466C-9683-3E43DA290A97} = {5F3E4D11-8B8A-4DAD-9994-C3EE9694A7D3}
		{D19722F4-DC40-49A4-B40E-9FAEA7C856A1} = {357317D7-0CD1-4B38-A55D-14814D14427B}
	EndGlobalSection
EndGlobal
